
Microsoft Visual Studio Solution File, Format Version 12.00
# Visual Studio 15
VisualStudioVersion = 15.0.28010.2048
MinimumVisualStudioVersion = 10.0.40219.1
Project("{FAE04EC0-301F-11D3-BF4B-00C04F79EFBC}") = "Lab_2", "Lab_2\Lab_2.csproj", "{28356CFE-D90F-4588-8E5F-EDCAC9D8DE0A}"
EndProject
Global
	GlobalSection(SolutionConfigurationPlatforms) = preSolution
		Debug|Any CPU = Debug|Any CPU
		Release|Any CPU = Release|Any CPU
	EndGlobalSection
	GlobalSection(ProjectConfigurationPlatforms) = postSolution
		{28356CFE-D90F-4588-8E5F-EDCAC9D8DE0A}.Debug|Any CPU.ActiveCfg = Debug|Any CPU
		{28356CFE-D90F-4588-8E5F-EDCAC9D8DE0A}.Debug|Any CPU.Build.0 = Debug|Any CPU
		{28356CFE-D90F-4588-8E5F-EDCAC9D8DE0A}.Release|Any CPU.ActiveCfg = Release|Any CPU
		{28356CFE-D90F-4588-8E5F-EDCAC9D8DE0A}.Release|Any CPU.Build.0 = Release|Any CPU
	EndGlobalSection
	GlobalSection(SolutionProperties) = preSolution
		HideSolutionNode = FALSE
	EndGlobalSection
	GlobalSection(ExtensibilityGlobals) = postSolution
		SolutionGuid = {0FDA8A46-12EF-4ACF-A9E3-CBB30565C255}
	EndGlobalSection
EndGlobal
