
Microsoft Visual Studio Solution File, Format Version 12.00
# Visual Studio 15
VisualStudioVersion = 15.0.28010.2048
MinimumVisualStudioVersion = 10.0.40219.1
Project("{FAE04EC0-301F-11D3-BF4B-00C04F79EFBC}") = "Lab4", "Lab4\Lab4.csproj", "{065AD36E-A475-4F7E-8768-CCF65C6E9B3C}"
EndProject
Global
	GlobalSection(SolutionConfigurationPlatforms) = preSolution
		Debug|Any CPU = Debug|Any CPU
		Release|Any CPU = Release|Any CPU
	EndGlobalSection
	GlobalSection(ProjectConfigurationPlatforms) = postSolution
		{065AD36E-A475-4F7E-8768-CCF65C6E9B3C}.Debug|Any CPU.ActiveCfg = Debug|Any CPU
		{065AD36E-A475-4F7E-8768-CCF65C6E9B3C}.Debug|Any CPU.Build.0 = Debug|Any CPU
		{065AD36E-A475-4F7E-8768-CCF65C6E9B3C}.Release|Any CPU.ActiveCfg = Release|Any CPU
		{065AD36E-A475-4F7E-8768-CCF65C6E9B3C}.Release|Any CPU.Build.0 = Release|Any CPU
	EndGlobalSection
	GlobalSection(SolutionProperties) = preSolution
		HideSolutionNode = FALSE
	EndGlobalSection
	GlobalSection(ExtensibilityGlobals) = postSolution
		SolutionGuid = {D0F320CB-6D77-4B7F-8881-F3F76A4B5298}
	EndGlobalSection
EndGlobal
